
Microsoft Visual Studio Solution File, Format Version 12.00
# Visual Studio Version 17
VisualStudioVersion = 17.5.33502.453
MinimumVisualStudioVersion = 10.0.40219.1
Project("{FAE04EC0-301F-11D3-BF4B-00C04F79EFBC}") = "ADFv2Tutorial", "ADFv2Tutorial\ADFv2Tutorial.csproj", "{768292DB-A4F4-4405-B42E-6A2CD5A3D1A0}"
EndProject
Global
	GlobalSection(SolutionConfigurationPlatforms) = preSolution
		Debug|Any CPU = Debug|Any CPU
		Release|Any CPU = Release|Any CPU
	EndGlobalSection
	GlobalSection(ProjectConfigurationPlatforms) = postSolution
		{768292DB-A4F4-4405-B42E-6A2CD5A3D1A0}.Debug|Any CPU.ActiveCfg = Debug|Any CPU
		{768292DB-A4F4-4405-B42E-6A2CD5A3D1A0}.Debug|Any CPU.Build.0 = Debug|Any CPU
		{768292DB-A4F4-4405-B42E-6A2CD5A3D1A0}.Release|Any CPU.ActiveCfg = Release|Any CPU
		{768292DB-A4F4-4405-B42E-6A2CD5A3D1A0}.Release|Any CPU.Build.0 = Release|Any CPU
	EndGlobalSection
	GlobalSection(SolutionProperties) = preSolution
		HideSolutionNode = FALSE
	EndGlobalSection
	GlobalSection(ExtensibilityGlobals) = postSolution
		SolutionGuid = {E603364D-5DCA-4A90-9BEF-82A22B8C4A07}
	EndGlobalSection
EndGlobal
